
Microsoft Visual Studio Solution File, Format Version 12.00
# Visual Studio Version 17
VisualStudioVersion = 17.3.32922.545
MinimumVisualStudioVersion = 10.0.40219.1
Project("{FAE04EC0-301F-11D3-BF4B-00C04F79EFBC}") = "CryptLab3.1", "CryptLab3.1\CryptLab3.1.csproj", "{F3A3C434-4422-4288-A995-419EB502488C}"
EndProject
Global
	GlobalSection(SolutionConfigurationPlatforms) = preSolution
		Debug|Any CPU = Debug|Any CPU
		Release|Any CPU = Release|Any CPU
	EndGlobalSection
	GlobalSection(ProjectConfigurationPlatforms) = postSolution
		{F3A3C434-4422-4288-A995-419EB502488C}.Debug|Any CPU.ActiveCfg = Debug|Any CPU
		{F3A3C434-4422-4288-A995-419EB502488C}.Debug|Any CPU.Build.0 = Debug|Any CPU
		{F3A3C434-4422-4288-A995-419EB502488C}.Release|Any CPU.ActiveCfg = Release|Any CPU
		{F3A3C434-4422-4288-A995-419EB502488C}.Release|Any CPU.Build.0 = Release|Any CPU
	EndGlobalSection
	GlobalSection(SolutionProperties) = preSolution
		HideSolutionNode = FALSE
	EndGlobalSection
	GlobalSection(ExtensibilityGlobals) = postSolution
		SolutionGuid = {BBAF7D6D-F15E-4AB3-A9BD-D0E4C61FD7F9}
	EndGlobalSection
EndGlobal
